
Microsoft Visual Studio Solution File, Format Version 12.00
# Visual Studio Version 17
VisualStudioVersion = 17.11.35327.3
MinimumVisualStudioVersion = 10.0.40219.1
Project("{FAE04EC0-301F-11D3-BF4B-00C04F79EFBC}") = "Login", "Login.csproj", "{CA9D3906-249B-4147-93AA-FDB3F7F0FF83}"
EndProject
Project("{FAE04EC0-301F-11D3-BF4B-00C04F79EFBC}") = "LoginEstudianteDB", "..\LoginEstudiante\LoginEstudianteDB.csproj", "{8A0C1DFC-A602-4946-B411-62611CA2DDE5}"
EndProject
Project("{FAE04EC0-301F-11D3-BF4B-00C04F79EFBC}") = "Entidad", "..\Entidad\Entidad.csproj", "{0F3F8645-717B-426F-859B-C7739EA6E9EA}"
EndProject
Project("{FAE04EC0-301F-11D3-BF4B-00C04F79EFBC}") = "LogicaNegocio", "..\LogicaNegocio\LogicaNegocio.csproj", "{0E203C15-D91E-40E3-96F9-2873A9187A73}"
EndProject
Project("{FAE04EC0-301F-11D3-BF4B-00C04F79EFBC}") = "CapaDato", "..\CapaDato\CapaDato.csproj", "{BAA61414-DD60-4C80-ACD2-F61F0DFF1449}"
EndProject
Project("{2150E333-8FDC-42A3-9474-1A3956D46DE8}") = "PaginasWeb", "PaginasWeb", "{6A6B833F-6A84-4108-A6DD-7DF2E85B3905}"
	ProjectSection(SolutionItems) = preProject
		About.aspx = About.aspx
		About.aspx.cs = About.aspx.cs
		About.aspx.designer.cs = About.aspx.designer.cs
		Contact.aspx = Contact.aspx
		Contact.aspx.cs = Contact.aspx.cs
		Contact.aspx.designer.cs = Contact.aspx.designer.cs
		CrearUsuario.aspx = CrearUsuario.aspx
		CrearUsuario.aspx.cs = CrearUsuario.aspx.cs
		CrearUsuario.aspx.designer.cs = CrearUsuario.aspx.designer.cs
		Default.aspx = Default.aspx
		Default.aspx.cs = Default.aspx.cs
		Default.aspx.designer.cs = Default.aspx.designer.cs
		Login.aspx = Login.aspx
		Login.aspx.cs = Login.aspx.cs
		Login.aspx.designer.cs = Login.aspx.designer.cs
		LogOut.aspx = LogOut.aspx
		LogOut.aspx.cs = LogOut.aspx.cs
		LogOut.aspx.designer.cs = LogOut.aspx.designer.cs
		PasswordRecovery.aspx = PasswordRecovery.aspx
		PasswordRecovery.aspx.cs = PasswordRecovery.aspx.cs
		PasswordRecovery.aspx.designer.cs = PasswordRecovery.aspx.designer.cs
		TableroDeControl.aspx = TableroDeControl.aspx
		TableroDeControl.aspx.cs = TableroDeControl.aspx.cs
		TableroDeControl.aspx.designer.cs = TableroDeControl.aspx.designer.cs
		ViewSwitcher.ascx = ViewSwitcher.ascx
		ViewSwitcher.ascx.cs = ViewSwitcher.ascx.cs
		ViewSwitcher.ascx.designer.cs = ViewSwitcher.ascx.designer.cs
	EndProjectSection
EndProject
Global
	GlobalSection(SolutionConfigurationPlatforms) = preSolution
		Debug|Any CPU = Debug|Any CPU
		Release|Any CPU = Release|Any CPU
	EndGlobalSection
	GlobalSection(ProjectConfigurationPlatforms) = postSolution
		{CA9D3906-249B-4147-93AA-FDB3F7F0FF83}.Debug|Any CPU.ActiveCfg = Debug|Any CPU
		{CA9D3906-249B-4147-93AA-FDB3F7F0FF83}.Debug|Any CPU.Build.0 = Debug|Any CPU
		{CA9D3906-249B-4147-93AA-FDB3F7F0FF83}.Release|Any CPU.ActiveCfg = Release|Any CPU
		{CA9D3906-249B-4147-93AA-FDB3F7F0FF83}.Release|Any CPU.Build.0 = Release|Any CPU
		{8A0C1DFC-A602-4946-B411-62611CA2DDE5}.Debug|Any CPU.ActiveCfg = Debug|Any CPU
		{8A0C1DFC-A602-4946-B411-62611CA2DDE5}.Debug|Any CPU.Build.0 = Debug|Any CPU
		{8A0C1DFC-A602-4946-B411-62611CA2DDE5}.Release|Any CPU.ActiveCfg = Release|Any CPU
		{8A0C1DFC-A602-4946-B411-62611CA2DDE5}.Release|Any CPU.Build.0 = Release|Any CPU
		{0F3F8645-717B-426F-859B-C7739EA6E9EA}.Debug|Any CPU.ActiveCfg = Debug|Any CPU
		{0F3F8645-717B-426F-859B-C7739EA6E9EA}.Debug|Any CPU.Build.0 = Debug|Any CPU
		{0F3F8645-717B-426F-859B-C7739EA6E9EA}.Release|Any CPU.ActiveCfg = Release|Any CPU
		{0F3F8645-717B-426F-859B-C7739EA6E9EA}.Release|Any CPU.Build.0 = Release|Any CPU
		{0E203C15-D91E-40E3-96F9-2873A9187A73}.Debug|Any CPU.ActiveCfg = Debug|Any CPU
		{0E203C15-D91E-40E3-96F9-2873A9187A73}.Debug|Any CPU.Build.0 = Debug|Any CPU
		{0E203C15-D91E-40E3-96F9-2873A9187A73}.Release|Any CPU.ActiveCfg = Release|Any CPU
		{0E203C15-D91E-40E3-96F9-2873A9187A73}.Release|Any CPU.Build.0 = Release|Any CPU
		{BAA61414-DD60-4C80-ACD2-F61F0DFF1449}.Debug|Any CPU.ActiveCfg = Debug|Any CPU
		{BAA61414-DD60-4C80-ACD2-F61F0DFF1449}.Debug|Any CPU.Build.0 = Debug|Any CPU
		{BAA61414-DD60-4C80-ACD2-F61F0DFF1449}.Release|Any CPU.ActiveCfg = Release|Any CPU
		{BAA61414-DD60-4C80-ACD2-F61F0DFF1449}.Release|Any CPU.Build.0 = Release|Any CPU
	EndGlobalSection
	GlobalSection(SolutionProperties) = preSolution
		HideSolutionNode = FALSE
	EndGlobalSection
	GlobalSection(ExtensibilityGlobals) = postSolution
		SolutionGuid = {8B10D360-1F7F-43D6-8245-CCCB46C90337}
	EndGlobalSection
EndGlobal
